// !$*UTF8*$!
{
	archiveVersion = 1;
	classes = {
	};
	objectVersion = 56;
	objects = {

/* Begin PBXBuildFile section */
		000000000000000000000200 /* AutoLockerApp.swift in Sources */ = {isa = PBXBuildFile; fileRef = 000000000000000000000100 /* AutoLockerApp.swift */; };
		000000000000000000000201 /* AppState.swift in Sources */ = {isa = PBXBuildFile; fileRef = 000000000000000000000101 /* AppState.swift */; };
		000000000000000000000202 /* Models.swift in Sources */ = {isa = PBXBuildFile; fileRef = 000000000000000000000102 /* Models.swift */; };
		000000000000000000000203 /* BluetoothScanner.swift in Sources */ = {isa = PBXBuildFile; fileRef = 000000000000000000000103 /* BluetoothScanner.swift */; };
		000000000000000000000204 /* SystemIntegrations.swift in Sources */ = {isa = PBXBuildFile; fileRef = 000000000000000000000104 /* SystemIntegrations.swift */; };
		000000000000000000000205 /* PromptPresenter.swift in Sources */ = {isa = PBXBuildFile; fileRef = 000000000000000000000105 /* PromptPresenter.swift */; };
		00000000000000000000020E /* ManufacturerDirectory.swift in Sources */ = {isa = PBXBuildFile; fileRef = 00000000000000000000010E /* ManufacturerDirectory.swift */; };
		000000000000000000000206 /* ContentView.swift in Sources */ = {isa = PBXBuildFile; fileRef = 000000000000000000000106 /* ContentView.swift */; };
		000000000000000000000207 /* OverviewView.swift in Sources */ = {isa = PBXBuildFile; fileRef = 000000000000000000000107 /* OverviewView.swift */; };
		000000000000000000000208 /* BeaconsView.swift in Sources */ = {isa = PBXBuildFile; fileRef = 000000000000000000000108 /* BeaconsView.swift */; };
		000000000000000000000209 /* RulesView.swift in Sources */ = {isa = PBXBuildFile; fileRef = 000000000000000000000109 /* RulesView.swift */; };
		00000000000000000000020A /* NetworkRulesView.swift in Sources */ = {isa = PBXBuildFile; fileRef = 00000000000000000000010A /* NetworkRulesView.swift */; };
		00000000000000000000020B /* LogView.swift in Sources */ = {isa = PBXBuildFile; fileRef = 00000000000000000000010B /* LogView.swift */; };
		00000000000000000000020C /* AdvancedView.swift in Sources */ = {isa = PBXBuildFile; fileRef = 00000000000000000000010C /* AdvancedView.swift */; };
		00000000000000000000020D /* MenuBarView.swift in Sources */ = {isa = PBXBuildFile; fileRef = 00000000000000000000010D /* MenuBarView.swift */; };
		000000000000000000000011 /* Assets.xcassets in Resources */ = {isa = PBXBuildFile; fileRef = 000000000000000000000010 /* Assets.xcassets */; };
/* End PBXBuildFile section */

/* Begin PBXFileReference section */
		000000000000000000000005 /* AutoLocker.app */ = {isa = PBXFileReference; explicitFileType = wrapper.application; includeInIndex = 0; path = AutoLocker.app; sourceTree = BUILT_PRODUCTS_DIR; };
		00000000000000000000000F /* Info.plist */ = {isa = PBXFileReference; lastKnownFileType = text.plist.xml; path = Info.plist; sourceTree = "<group>"; };
		000000000000000000000010 /* Assets.xcassets */ = {isa = PBXFileReference; lastKnownFileType = folder.assetcatalog; path = Assets.xcassets; sourceTree = "<group>"; };
		000000000000000000000100 /* AutoLockerApp.swift */ = {isa = PBXFileReference; lastKnownFileType = sourcecode.swift; path = AutoLockerApp.swift; sourceTree = "<group>"; };
		000000000000000000000101 /* AppState.swift */ = {isa = PBXFileReference; lastKnownFileType = sourcecode.swift; path = AppState.swift; sourceTree = "<group>"; };
		000000000000000000000102 /* Models.swift */ = {isa = PBXFileReference; lastKnownFileType = sourcecode.swift; path = Models.swift; sourceTree = "<group>"; };
		000000000000000000000103 /* BluetoothScanner.swift */ = {isa = PBXFileReference; lastKnownFileType = sourcecode.swift; path = BluetoothScanner.swift; sourceTree = "<group>"; };
		000000000000000000000104 /* SystemIntegrations.swift */ = {isa = PBXFileReference; lastKnownFileType = sourcecode.swift; path = SystemIntegrations.swift; sourceTree = "<group>"; };
		000000000000000000000105 /* PromptPresenter.swift */ = {isa = PBXFileReference; lastKnownFileType = sourcecode.swift; path = PromptPresenter.swift; sourceTree = "<group>"; };
		00000000000000000000010E /* ManufacturerDirectory.swift */ = {isa = PBXFileReference; lastKnownFileType = sourcecode.swift; path = ManufacturerDirectory.swift; sourceTree = "<group>"; };
		000000000000000000000106 /* ContentView.swift */ = {isa = PBXFileReference; lastKnownFileType = sourcecode.swift; path = ContentView.swift; sourceTree = "<group>"; };
		000000000000000000000107 /* OverviewView.swift */ = {isa = PBXFileReference; lastKnownFileType = sourcecode.swift; path = OverviewView.swift; sourceTree = "<group>"; };
		000000000000000000000108 /* BeaconsView.swift */ = {isa = PBXFileReference; lastKnownFileType = sourcecode.swift; path = BeaconsView.swift; sourceTree = "<group>"; };
		000000000000000000000109 /* RulesView.swift */ = {isa = PBXFileReference; lastKnownFileType = sourcecode.swift; path = RulesView.swift; sourceTree = "<group>"; };
		00000000000000000000010A /* NetworkRulesView.swift */ = {isa = PBXFileReference; lastKnownFileType = sourcecode.swift; path = NetworkRulesView.swift; sourceTree = "<group>"; };
		00000000000000000000010B /* LogView.swift */ = {isa = PBXFileReference; lastKnownFileType = sourcecode.swift; path = LogView.swift; sourceTree = "<group>"; };
		00000000000000000000010C /* AdvancedView.swift */ = {isa = PBXFileReference; lastKnownFileType = sourcecode.swift; path = AdvancedView.swift; sourceTree = "<group>"; };
		00000000000000000000010D /* MenuBarView.swift */ = {isa = PBXFileReference; lastKnownFileType = sourcecode.swift; path = MenuBarView.swift; sourceTree = "<group>"; };
/* End PBXFileReference section */

/* Begin PBXFrameworksBuildPhase section */
		000000000000000000000008 /* Frameworks */ = {
			isa = PBXFrameworksBuildPhase;
			buildActionMask = 2147483647;
			files = (
			);
			runOnlyForDeploymentPostprocessing = 0;
		};
/* End PBXFrameworksBuildPhase section */

/* Begin PBXGroup section */
		000000000000000000000002 = {
			isa = PBXGroup;
			children = (
				000000000000000000000012 /* AutoLocker */,
				000000000000000000000003 /* Products */,
			);
			sourceTree = "<group>";
		};
		000000000000000000000003 /* Products */ = {
			isa = PBXGroup;
			children = (
				000000000000000000000005 /* AutoLocker.app */,
			);
			name = Products;
			sourceTree = "<group>";
		};
		000000000000000000000012 /* AutoLocker */ = {
			isa = PBXGroup;
			children = (
				00000000000000000000000F /* Info.plist */,
				000000000000000000000010 /* Assets.xcassets */,
				000000000000000000000100 /* AutoLockerApp.swift */,
				000000000000000000000101 /* AppState.swift */,
				000000000000000000000102 /* Models.swift */,
				000000000000000000000103 /* BluetoothScanner.swift */,
				000000000000000000000104 /* SystemIntegrations.swift */,
				000000000000000000000105 /* PromptPresenter.swift */,
				00000000000000000000010E /* ManufacturerDirectory.swift */,
				000000000000000000000013 /* Views */,
			);
			path = AutoLocker;
			sourceTree = "<group>";
		};
		000000000000000000000013 /* Views */ = {
			isa = PBXGroup;
			children = (
				000000000000000000000106 /* ContentView.swift */,
				000000000000000000000107 /* OverviewView.swift */,
				000000000000000000000108 /* BeaconsView.swift */,
				000000000000000000000109 /* RulesView.swift */,
				00000000000000000000010A /* NetworkRulesView.swift */,
				00000000000000000000010B /* LogView.swift */,
				00000000000000000000010C /* AdvancedView.swift */,
				00000000000000000000010D /* MenuBarView.swift */,
			);
			path = Views;
			sourceTree = "<group>";
		};
/* End PBXGroup section */

/* Begin PBXNativeTarget section */
		000000000000000000000004 /* AutoLocker */ = {
			isa = PBXNativeTarget;
			buildConfigurationList = 00000000000000000000000C /* Build configuration list for PBXNativeTarget "AutoLocker" */;
			buildPhases = (
				000000000000000000000006 /* Sources */,
				000000000000000000000008 /* Frameworks */,
				000000000000000000000007 /* Resources */,
			);
			buildRules = (
			);
			dependencies = (
			);
			name = AutoLocker;
			productName = AutoLocker;
			productReference = 000000000000000000000005 /* AutoLocker.app */;
			productType = "com.apple.product-type.application";
		};
/* End PBXNativeTarget section */

/* Begin PBXProject section */
		000000000000000000000001 /* Project object */ = {
			isa = PBXProject;
			attributes = {
				BuildIndependentTargetsInParallel = 1;
				LastSwiftUpdateCheck = 2604;
				LastUpgradeCheck = 2604;
				TargetAttributes = {
					000000000000000000000004 = {
						CreatedOnToolsVersion = 26.4;
					};
				};
			};
			buildConfigurationList = 000000000000000000000009 /* Build configuration list for PBXProject "AutoLocker" */;
			compatibilityVersion = "Xcode 14.0";
			developmentRegion = en;
			hasScannedForEncodings = 0;
			knownRegions = (
				en,
				Base,
			);
			mainGroup = 000000000000000000000002;
			productRefGroup = 000000000000000000000003 /* Products */;
			projectDirPath = "";
			projectRoot = "";
			targets = (
				000000000000000000000004 /* AutoLocker */,
			);
		};
/* End PBXProject section */

/* Begin PBXResourcesBuildPhase section */
		000000000000000000000007 /* Resources */ = {
			isa = PBXResourcesBuildPhase;
			buildActionMask = 2147483647;
			files = (
				000000000000000000000011 /* Assets.xcassets in Resources */,
			);
			runOnlyForDeploymentPostprocessing = 0;
		};
/* End PBXResourcesBuildPhase section */

/* Begin PBXSourcesBuildPhase section */
		000000000000000000000006 /* Sources */ = {
			isa = PBXSourcesBuildPhase;
			buildActionMask = 2147483647;
			files = (
				000000000000000000000200 /* AutoLockerApp.swift in Sources */,
				000000000000000000000201 /* AppState.swift in Sources */,
				000000000000000000000202 /* Models.swift in Sources */,
				000000000000000000000203 /* BluetoothScanner.swift in Sources */,
				000000000000000000000204 /* SystemIntegrations.swift in Sources */,
				000000000000000000000205 /* PromptPresenter.swift in Sources */,
				00000000000000000000020E /* ManufacturerDirectory.swift in Sources */,
				000000000000000000000206 /* ContentView.swift in Sources */,
				000000000000000000000207 /* OverviewView.swift in Sources */,
				000000000000000000000208 /* BeaconsView.swift in Sources */,
				000000000000000000000209 /* RulesView.swift in Sources */,
				00000000000000000000020A /* NetworkRulesView.swift in Sources */,
				00000000000000000000020B /* LogView.swift in Sources */,
				00000000000000000000020C /* AdvancedView.swift in Sources */,
				00000000000000000000020D /* MenuBarView.swift in Sources */,
			);
			runOnlyForDeploymentPostprocessing = 0;
		};
/* End PBXSourcesBuildPhase section */

/* Begin XCBuildConfiguration section */
		00000000000000000000000A /* Debug */ = {
			isa = XCBuildConfiguration;
			buildSettings = {
				ALWAYS_SEARCH_USER_PATHS = NO;
				CLANG_ANALYZER_NONNULL = YES;
				CLANG_ANALYZER_NUMBER_OBJECT_CONVERSION = YES_AGGRESSIVE;
				CLANG_CXX_LANGUAGE_STANDARD = "gnu++20";
				CLANG_ENABLE_MODULES = YES;
				CLANG_ENABLE_OBJC_ARC = YES;
				CLANG_ENABLE_OBJC_WEAK = YES;
				CLANG_WARN_BLOCK_CAPTURE_AUTORELEASING = YES;
				CLANG_WARN_BOOL_CONVERSION = YES;
				CLANG_WARN_COMMA = YES;
				CLANG_WARN_CONSTANT_CONVERSION = YES;
				CLANG_WARN_DEPRECATED_OBJC_IMPLEMENTATIONS = YES;
				CLANG_WARN_DIRECT_OBJC_ISA_USAGE = YES_ERROR;
				CLANG_WARN_DOCUMENTATION_COMMENTS = YES;
				CLANG_WARN_EMPTY_BODY = YES;
				CLANG_WARN_ENUM_CONVERSION = YES;
				CLANG_WARN_INFINITE_RECURSION = YES;
				CLANG_WARN_INT_CONVERSION = YES;
				CLANG_WARN_NON_LITERAL_NULL_CONVERSION = YES;
				CLANG_WARN_OBJC_IMPLICIT_RETAIN_SELF = YES;
				CLANG_WARN_OBJC_LITERAL_CONVERSION = YES;
				CLANG_WARN_OBJC_ROOT_CLASS = YES_ERROR;
				CLANG_WARN_QUOTED_INCLUDE_IN_FRAMEWORK_HEADER = YES;
				CLANG_WARN_RANGE_LOOP_ANALYSIS = YES;
				CLANG_WARN_STRICT_PROTOTYPES = YES;
				CLANG_WARN_SUSPICIOUS_MOVE = YES;
				CLANG_WARN_UNGUARDED_AVAILABILITY = YES_AGGRESSIVE;
				CLANG_WARN_UNREACHABLE_CODE = YES;
				CLANG_WARN__DUPLICATE_METHOD_MATCH = YES;
				COPY_PHASE_STRIP = NO;
				DEBUG_INFORMATION_FORMAT = dwarf;
				ENABLE_STRICT_OBJC_MSGSEND = YES;
				ENABLE_TESTABILITY = YES;
				GCC_C_LANGUAGE_STANDARD = gnu17;
				GCC_DYNAMIC_NO_PIC = NO;
				GCC_NO_COMMON_BLOCKS = YES;
				GCC_OPTIMIZATION_LEVEL = 0;
				GCC_PREPROCESSOR_DEFINITIONS = (
					"DEBUG=1",
					"$(inherited)",
				);
				GCC_WARN_64_TO_32_BIT_CONVERSION = YES;
				GCC_WARN_ABOUT_RETURN_TYPE = YES_ERROR;
				GCC_WARN_UNDECLARED_SELECTOR = YES;
				GCC_WARN_UNINITIALIZED_AUTOS = YES_AGGRESSIVE;
				GCC_WARN_UNUSED_FUNCTION = YES;
				GCC_WARN_UNUSED_VARIABLE = YES;
				MACOSX_DEPLOYMENT_TARGET = 26.0;
				MTL_ENABLE_DEBUG_INFO = INCLUDE_SOURCE;
				MTL_FAST_MATH = YES;
				ONLY_ACTIVE_ARCH = YES;
				SDKROOT = macosx;
				SWIFT_ACTIVE_COMPILATION_CONDITIONS = DEBUG;
				SWIFT_OPTIMIZATION_LEVEL = "-Onone";
			};
			name = Debug;
		};
		00000000000000000000000B /* Release */ = {
			isa = XCBuildConfiguration;
			buildSettings = {
				ALWAYS_SEARCH_USER_PATHS = NO;
				CLANG_ANALYZER_NONNULL = YES;
				CLANG_ANALYZER_NUMBER_OBJECT_CONVERSION = YES_AGGRESSIVE;
				CLANG_CXX_LANGUAGE_STANDARD = "gnu++20";
				CLANG_ENABLE_MODULES = YES;
				CLANG_ENABLE_OBJC_ARC = YES;
				CLANG_ENABLE_OBJC_WEAK = YES;
				CLANG_WARN_BLOCK_CAPTURE_AUTORELEASING = YES;
				CLANG_WARN_BOOL_CONVERSION = YES;
				CLANG_WARN_COMMA = YES;
				CLANG_WARN_CONSTANT_CONVERSION = YES;
				CLANG_WARN_DEPRECATED_OBJC_IMPLEMENTATIONS = YES;
				CLANG_WARN_DIRECT_OBJC_ISA_USAGE = YES_ERROR;
				CLANG_WARN_DOCUMENTATION_COMMENTS = YES;
				CLANG_WARN_EMPTY_BODY = YES;
				CLANG_WARN_ENUM_CONVERSION = YES;
				CLANG_WARN_INFINITE_RECURSION = YES;
				CLANG_WARN_INT_CONVERSION = YES;
				CLANG_WARN_NON_LITERAL_NULL_CONVERSION = YES;
				CLANG_WARN_OBJC_IMPLICIT_RETAIN_SELF = YES;
				CLANG_WARN_OBJC_LITERAL_CONVERSION = YES;
				CLANG_WARN_OBJC_ROOT_CLASS = YES_ERROR;
				CLANG_WARN_QUOTED_INCLUDE_IN_FRAMEWORK_HEADER = YES;
				CLANG_WARN_RANGE_LOOP_ANALYSIS = YES;
				CLANG_WARN_STRICT_PROTOTYPES = YES;
				CLANG_WARN_SUSPICIOUS_MOVE = YES;
				CLANG_WARN_UNGUARDED_AVAILABILITY = YES_AGGRESSIVE;
				CLANG_WARN_UNREACHABLE_CODE = YES;
				CLANG_WARN__DUPLICATE_METHOD_MATCH = YES;
				COPY_PHASE_STRIP = NO;
				DEBUG_INFORMATION_FORMAT = "dwarf-with-dsym";
				ENABLE_NS_ASSERTIONS = NO;
				ENABLE_STRICT_OBJC_MSGSEND = YES;
				GCC_C_LANGUAGE_STANDARD = gnu17;
				GCC_NO_COMMON_BLOCKS = YES;
				GCC_WARN_64_TO_32_BIT_CONVERSION = YES;
				GCC_WARN_ABOUT_RETURN_TYPE = YES_ERROR;
				GCC_WARN_UNDECLARED_SELECTOR = YES;
				GCC_WARN_UNINITIALIZED_AUTOS = YES_AGGRESSIVE;
				GCC_WARN_UNUSED_FUNCTION = YES;
				GCC_WARN_UNUSED_VARIABLE = YES;
				MACOSX_DEPLOYMENT_TARGET = 26.0;
				MTL_ENABLE_DEBUG_INFO = NO;
				MTL_FAST_MATH = YES;
				SDKROOT = macosx;
				SWIFT_COMPILATION_MODE = wholemodule;
				SWIFT_OPTIMIZATION_LEVEL = "-O";
			};
			name = Release;
		};
		00000000000000000000000D /* Debug */ = {
			isa = XCBuildConfiguration;
			buildSettings = {
				ASSETCATALOG_COMPILER_APPICON_NAME = AppIcon;
				CODE_SIGN_STYLE = Automatic;
				COMBINE_HIDPI_IMAGES = YES;
				CURRENT_PROJECT_VERSION = 1;
				DEVELOPMENT_TEAM = "";
				ENABLE_HARDENED_RUNTIME = YES;
				GENERATE_INFOPLIST_FILE = NO;
				INFOPLIST_FILE = AutoLocker/Info.plist;
				LD_RUNPATH_SEARCH_PATHS = (
					"$(inherited)",
					"@executable_path/../Frameworks",
				);
				MACOSX_DEPLOYMENT_TARGET = 26.0;
				MARKETING_VERSION = 1.0;
				PRODUCT_BUNDLE_IDENTIFIER = com.brilliant.AutoLocker;
				PRODUCT_NAME = "$(TARGET_NAME)";
				SWIFT_STRICT_CONCURRENCY = minimal;
				SWIFT_VERSION = 5.0;
			};
			name = Debug;
		};
		00000000000000000000000E /* Release */ = {
			isa = XCBuildConfiguration;
			buildSettings = {
				ASSETCATALOG_COMPILER_APPICON_NAME = AppIcon;
				CODE_SIGN_STYLE = Automatic;
				COMBINE_HIDPI_IMAGES = YES;
				CURRENT_PROJECT_VERSION = 1;
				DEVELOPMENT_TEAM = "";
				ENABLE_HARDENED_RUNTIME = YES;
				GENERATE_INFOPLIST_FILE = NO;
				INFOPLIST_FILE = AutoLocker/Info.plist;
				LD_RUNPATH_SEARCH_PATHS = (
					"$(inherited)",
					"@executable_path/../Frameworks",
				);
				MACOSX_DEPLOYMENT_TARGET = 26.0;
				MARKETING_VERSION = 1.0;
				PRODUCT_BUNDLE_IDENTIFIER = com.brilliant.AutoLocker;
				PRODUCT_NAME = "$(TARGET_NAME)";
				SWIFT_STRICT_CONCURRENCY = minimal;
				SWIFT_VERSION = 5.0;
			};
			name = Release;
		};
/* End XCBuildConfiguration section */

/* Begin XCConfigurationList section */
		000000000000000000000009 /* Build configuration list for PBXProject "AutoLocker" */ = {
			isa = XCConfigurationList;
			buildConfigurations = (
				00000000000000000000000A /* Debug */,
				00000000000000000000000B /* Release */,
			);
			defaultConfigurationIsVisible = 0;
			defaultConfigurationName = Release;
		};
		00000000000000000000000C /* Build configuration list for PBXNativeTarget "AutoLocker" */ = {
			isa = XCConfigurationList;
			buildConfigurations = (
				00000000000000000000000D /* Debug */,
				00000000000000000000000E /* Release */,
			);
			defaultConfigurationIsVisible = 0;
			defaultConfigurationName = Release;
		};
/* End XCConfigurationList section */
	};
	rootObject = 000000000000000000000001 /* Project object */;
}
